
Microsoft Visual Studio Solution File, Format Version 12.00
# Visual Studio Version 16
VisualStudioVersion = 16.0.30517.126
MinimumVisualStudioVersion = 10.0.40219.1
Project("{FAE04EC0-301F-11D3-BF4B-00C04F79EFBC}") = "movieProject", "movieProject\movieProject.csproj", "{2F68DEDE-F9AD-4DCA-A1C2-5456CFE7CA1D}"
EndProject
Global
	GlobalSection(SolutionConfigurationPlatforms) = preSolution
		Debug|Any CPU = Debug|Any CPU
		Release|Any CPU = Release|Any CPU
	EndGlobalSection
	GlobalSection(ProjectConfigurationPlatforms) = postSolution
		{2F68DEDE-F9AD-4DCA-A1C2-5456CFE7CA1D}.Debug|Any CPU.ActiveCfg = Debug|Any CPU
		{2F68DEDE-F9AD-4DCA-A1C2-5456CFE7CA1D}.Debug|Any CPU.Build.0 = Debug|Any CPU
		{2F68DEDE-F9AD-4DCA-A1C2-5456CFE7CA1D}.Release|Any CPU.ActiveCfg = Release|Any CPU
		{2F68DEDE-F9AD-4DCA-A1C2-5456CFE7CA1D}.Release|Any CPU.Build.0 = Release|Any CPU
	EndGlobalSection
	GlobalSection(SolutionProperties) = preSolution
		HideSolutionNode = FALSE
	EndGlobalSection
	GlobalSection(ExtensibilityGlobals) = postSolution
		SolutionGuid = {5DD75D96-C312-46BF-8977-6F5C870B5B50}
	EndGlobalSection
EndGlobal
